
Microsoft Visual Studio Solution File, Format Version 12.00
# Visual Studio Version 16
VisualStudioVersion = 16.0.30907.101
MinimumVisualStudioVersion = 10.0.40219.1
Project("{FAE04EC0-301F-11D3-BF4B-00C04F79EFBC}") = "UplaySwitcher", "UplaySwitcher\UplaySwitcher.csproj", "{71CB7A23-0245-47E8-9C20-88F54290072C}"
EndProject
Global
	GlobalSection(SolutionConfigurationPlatforms) = preSolution
		Debug|Any CPU = Debug|Any CPU
		Release|Any CPU = Release|Any CPU
	EndGlobalSection
	GlobalSection(ProjectConfigurationPlatforms) = postSolution
		{71CB7A23-0245-47E8-9C20-88F54290072C}.Debug|Any CPU.ActiveCfg = Debug|Any CPU
		{71CB7A23-0245-47E8-9C20-88F54290072C}.Debug|Any CPU.Build.0 = Debug|Any CPU
		{71CB7A23-0245-47E8-9C20-88F54290072C}.Release|Any CPU.ActiveCfg = Release|Any CPU
		{71CB7A23-0245-47E8-9C20-88F54290072C}.Release|Any CPU.Build.0 = Release|Any CPU
	EndGlobalSection
	GlobalSection(SolutionProperties) = preSolution
		HideSolutionNode = FALSE
	EndGlobalSection
	GlobalSection(ExtensibilityGlobals) = postSolution
		SolutionGuid = {F7985856-436B-45E6-A271-890FF39C5E28}
	EndGlobalSection
EndGlobal
